// !$*UTF8*$!
{
	archiveVersion = 1;
	classes = {
	};
	objectVersion = 46;
	objects = {

/* Begin PBXBuildFile section */
		1BD6AABD1D4CEFB300FEB171 /* AppDelegate.swift in Sources */ = {isa = PBXBuildFile; fileRef = 1BD6AABC1D4CEFB300FEB171 /* AppDelegate.swift */; };
		1BD6AABF1D4CEFB300FEB171 /* LoginViewController.swift in Sources */ = {isa = PBXBuildFile; fileRef = 1BD6AABE1D4CEFB300FEB171 /* LoginViewController.swift */; };
		1BD6AAC21D4CEFB300FEB171 /* Main.storyboard in Resources */ = {isa = PBXBuildFile; fileRef = 1BD6AAC01D4CEFB300FEB171 /* Main.storyboard */; };
		1BD6AAC41D4CEFB300FEB171 /* Assets.xcassets in Resources */ = {isa = PBXBuildFile; fileRef = 1BD6AAC31D4CEFB300FEB171 /* Assets.xcassets */; };
		1BD6AAC71D4CEFB300FEB171 /* LaunchScreen.storyboard in Resources */ = {isa = PBXBuildFile; fileRef = 1BD6AAC51D4CEFB300FEB171 /* LaunchScreen.storyboard */; };
		EADFF9B30B78F73FBB8A08CA /* Pods_twitter_client.framework in Frameworks */ = {isa = PBXBuildFile; fileRef = 5DC6455123E15FE129203789 /* Pods_twitter_client.framework */; };
/* End PBXBuildFile section */

/* Begin PBXFileReference section */
		1BD6AAB91D4CEFB300FEB171 /* twitter-client.app */ = {isa = PBXFileReference; explicitFileType = wrapper.application; includeInIndex = 0; path = "twitter-client.app"; sourceTree = BUILT_PRODUCTS_DIR; };
		1BD6AABC1D4CEFB300FEB171 /* AppDelegate.swift */ = {isa = PBXFileReference; lastKnownFileType = sourcecode.swift; path = AppDelegate.swift; sourceTree = "<group>"; };
		1BD6AABE1D4CEFB300FEB171 /* LoginViewController.swift */ = {isa = PBXFileReference; lastKnownFileType = sourcecode.swift; path = LoginViewController.swift; sourceTree = "<group>"; };
		1BD6AAC11D4CEFB300FEB171 /* Base */ = {isa = PBXFileReference; lastKnownFileType = file.storyboard; name = Base; path = Base.lproj/Main.storyboard; sourceTree = "<group>"; };
		1BD6AAC31D4CEFB300FEB171 /* Assets.xcassets */ = {isa = PBXFileReference; lastKnownFileType = folder.assetcatalog; path = Assets.xcassets; sourceTree = "<group>"; };
		1BD6AAC61D4CEFB300FEB171 /* Base */ = {isa = PBXFileReference; lastKnownFileType = file.storyboard; name = Base; path = Base.lproj/LaunchScreen.storyboard; sourceTree = "<group>"; };
		1BD6AAC81D4CEFB300FEB171 /* Info.plist */ = {isa = PBXFileReference; lastKnownFileType = text.plist.xml; path = Info.plist; sourceTree = "<group>"; };
		5DC6455123E15FE129203789 /* Pods_twitter_client.framework */ = {isa = PBXFileReference; explicitFileType = wrapper.framework; includeInIndex = 0; path = Pods_twitter_client.framework; sourceTree = BUILT_PRODUCTS_DIR; };
		B76F4D5D126ADC936F5152A6 /* Pods-twitter-client.release.xcconfig */ = {isa = PBXFileReference; includeInIndex = 1; lastKnownFileType = text.xcconfig; name = "Pods-twitter-client.release.xcconfig"; path = "Pods/Target Support Files/Pods-twitter-client/Pods-twitter-client.release.xcconfig"; sourceTree = "<group>"; };
		C26A44FD3971BACA6F8646A4 /* Pods-twitter-client.debug.xcconfig */ = {isa = PBXFileReference; includeInIndex = 1; lastKnownFileType = text.xcconfig; name = "Pods-twitter-client.debug.xcconfig"; path = "Pods/Target Support Files/Pods-twitter-client/Pods-twitter-client.debug.xcconfig"; sourceTree = "<group>"; };
/* End PBXFileReference section */

/* Begin PBXFrameworksBuildPhase section */
		1BD6AAB61D4CEFB300FEB171 /* Frameworks */ = {
			isa = PBXFrameworksBuildPhase;
			buildActionMask = 2147483647;
			files = (
				EADFF9B30B78F73FBB8A08CA /* Pods_twitter_client.framework in Frameworks */,
			);
			runOnlyForDeploymentPostprocessing = 0;
		};
/* End PBXFrameworksBuildPhase section */

/* Begin PBXGroup section */
		1B95B5D11D4CF175007A3E77 /* views */ = {
			isa = PBXGroup;
			children = (
			);
			name = views;
			sourceTree = "<group>";
		};
		1B95B5D21D4CF18F007A3E77 /* models */ = {
			isa = PBXGroup;
			children = (
			);
			name = models;
			sourceTree = "<group>";
		};
		1B95B5D31D4CF197007A3E77 /* controllers */ = {
			isa = PBXGroup;
			children = (
				1BD6AABE1D4CEFB300FEB171 /* LoginViewController.swift */,
			);
			name = controllers;
			sourceTree = "<group>";
		};
		1BD6AAB01D4CEFB300FEB171 = {
			isa = PBXGroup;
			children = (
				1BD6AABB1D4CEFB300FEB171 /* twitter-client */,
				1BD6AABA1D4CEFB300FEB171 /* Products */,
				70F574FD3D0DFB6B9A97CFDF /* Pods */,
				8402F2DD1D7F4A61531EE668 /* Frameworks */,
			);
			sourceTree = "<group>";
		};
		1BD6AABA1D4CEFB300FEB171 /* Products */ = {
			isa = PBXGroup;
			children = (
				1BD6AAB91D4CEFB300FEB171 /* twitter-client.app */,
			);
			name = Products;
			sourceTree = "<group>";
		};
		1BD6AABB1D4CEFB300FEB171 /* twitter-client */ = {
			isa = PBXGroup;
			children = (
				1B95B5D31D4CF197007A3E77 /* controllers */,
				1B95B5D21D4CF18F007A3E77 /* models */,
				1B95B5D11D4CF175007A3E77 /* views */,
				1BD6AABC1D4CEFB300FEB171 /* AppDelegate.swift */,
				1BD6AAC01D4CEFB300FEB171 /* Main.storyboard */,
				1BD6AAC31D4CEFB300FEB171 /* Assets.xcassets */,
				1BD6AAC51D4CEFB300FEB171 /* LaunchScreen.storyboard */,
				1BD6AAC81D4CEFB300FEB171 /* Info.plist */,
			);
			path = "twitter-client";
			sourceTree = "<group>";
		};
		70F574FD3D0DFB6B9A97CFDF /* Pods */ = {
			isa = PBXGroup;
			children = (
				C26A44FD3971BACA6F8646A4 /* Pods-twitter-client.debug.xcconfig */,
				B76F4D5D126ADC936F5152A6 /* Pods-twitter-client.release.xcconfig */,
			);
			name = Pods;
			sourceTree = "<group>";
		};
		8402F2DD1D7F4A61531EE668 /* Frameworks */ = {
			isa = PBXGroup;
			children = (
				5DC6455123E15FE129203789 /* Pods_twitter_client.framework */,
			);
			name = Frameworks;
			sourceTree = "<group>";
		};
/* End PBXGroup section */

/* Begin PBXNativeTarget section */
		1BD6AAB81D4CEFB300FEB171 /* twitter-client */ = {
			isa = PBXNativeTarget;
			buildConfigurationList = 1BD6AACB1D4CEFB300FEB171 /* Build configuration list for PBXNativeTarget "twitter-client" */;
			buildPhases = (
				3E4F9B7D2FE36E7CCDB13A20 /* [CP] Check Pods Manifest.lock */,
				1BD6AAB51D4CEFB300FEB171 /* Sources */,
				1BD6AAB61D4CEFB300FEB171 /* Frameworks */,
				1BD6AAB71D4CEFB300FEB171 /* Resources */,
				219A353FC273F55D6E8FF50A /* [CP] Embed Pods Frameworks */,
				8173EEE5BDADB3C75C617CFF /* [CP] Copy Pods Resources */,
			);
			buildRules = (
			);
			dependencies = (
			);
			name = "twitter-client";
			productName = "twitter-client";
			productReference = 1BD6AAB91D4CEFB300FEB171 /* twitter-client.app */;
			productType = "com.apple.product-type.application";
		};
/* End PBXNativeTarget section */

/* Begin PBXProject section */
		1BD6AAB11D4CEFB300FEB171 /* Project object */ = {
			isa = PBXProject;
			attributes = {
				LastSwiftUpdateCheck = 0730;
				LastUpgradeCheck = 0730;
				ORGANIZATIONNAME = "Martene Mendy";
				TargetAttributes = {
					1BD6AAB81D4CEFB300FEB171 = {
						CreatedOnToolsVersion = 7.3.1;
						DevelopmentTeam = 4FAP8UVV54;
					};
				};
			};
			buildConfigurationList = 1BD6AAB41D4CEFB300FEB171 /* Build configuration list for PBXProject "twitter-client" */;
			compatibilityVersion = "Xcode 3.2";
			developmentRegion = English;
			hasScannedForEncodings = 0;
			knownRegions = (
				en,
				Base,
			);
			mainGroup = 1BD6AAB01D4CEFB300FEB171;
			productRefGroup = 1BD6AABA1D4CEFB300FEB171 /* Products */;
			projectDirPath = "";
			projectRoot = "";
			targets = (
				1BD6AAB81D4CEFB300FEB171 /* twitter-client */,
			);
		};
/* End PBXProject section */

/* Begin PBXResourcesBuildPhase section */
		1BD6AAB71D4CEFB300FEB171 /* Resources */ = {
			isa = PBXResourcesBuildPhase;
			buildActionMask = 2147483647;
			files = (
				1BD6AAC71D4CEFB300FEB171 /* LaunchScreen.storyboard in Resources */,
				1BD6AAC41D4CEFB300FEB171 /* Assets.xcassets in Resources */,
				1BD6AAC21D4CEFB300FEB171 /* Main.storyboard in Resources */,
			);
			runOnlyForDeploymentPostprocessing = 0;
		};
/* End PBXResourcesBuildPhase section */

/* Begin PBXShellScriptBuildPhase section */
		219A353FC273F55D6E8FF50A /* [CP] Embed Pods Frameworks */ = {
			isa = PBXShellScriptBuildPhase;
			buildActionMask = 2147483647;
			files = (
			);
			inputPaths = (
			);
			name = "[CP] Embed Pods Frameworks";
			outputPaths = (
			);
			runOnlyForDeploymentPostprocessing = 0;
			shellPath = /bin/sh;
			shellScript = "\"${SRCROOT}/Pods/Target Support Files/Pods-twitter-client/Pods-twitter-client-frameworks.sh\"\n";
			showEnvVarsInLog = 0;
		};
		3E4F9B7D2FE36E7CCDB13A20 /* [CP] Check Pods Manifest.lock */ = {
			isa = PBXShellScriptBuildPhase;
			buildActionMask = 2147483647;
			files = (
			);
			inputPaths = (
			);
			name = "[CP] Check Pods Manifest.lock";
			outputPaths = (
			);
			runOnlyForDeploymentPostprocessing = 0;
			shellPath = /bin/sh;
			shellScript = "diff \"${PODS_ROOT}/../Podfile.lock\" \"${PODS_ROOT}/Manifest.lock\" > /dev/null\nif [[ $? != 0 ]] ; then\n    cat << EOM\nerror: The sandbox is not in sync with the Podfile.lock. Run 'pod install' or update your CocoaPods installation.\nEOM\n    exit 1\nfi\n";
			showEnvVarsInLog = 0;
		};
		8173EEE5BDADB3C75C617CFF /* [CP] Copy Pods Resources */ = {
			isa = PBXShellScriptBuildPhase;
			buildActionMask = 2147483647;
			files = (
			);
			inputPaths = (
			);
			name = "[CP] Copy Pods Resources";
			outputPaths = (
			);
			runOnlyForDeploymentPostprocessing = 0;
			shellPath = /bin/sh;
			shellScript = "\"${SRCROOT}/Pods/Target Support Files/Pods-twitter-client/Pods-twitter-client-resources.sh\"\n";
			showEnvVarsInLog = 0;
		};
/* End PBXShellScriptBuildPhase section */

/* Begin PBXSourcesBuildPhase section */
		1BD6AAB51D4CEFB300FEB171 /* Sources */ = {
			isa = PBXSourcesBuildPhase;
			buildActionMask = 2147483647;
			files = (
				1BD6AABF1D4CEFB300FEB171 /* LoginViewController.swift in Sources */,
				1BD6AABD1D4CEFB300FEB171 /* AppDelegate.swift in Sources */,
			);
			runOnlyForDeploymentPostprocessing = 0;
		};
/* End PBXSourcesBuildPhase section */

/* Begin PBXVariantGroup section */
		1BD6AAC01D4CEFB300FEB171 /* Main.storyboard */ = {
			isa = PBXVariantGroup;
			children = (
				1BD6AAC11D4CEFB300FEB171 /* Base */,
			);
			name = Main.storyboard;
			sourceTree = "<group>";
		};
		1BD6AAC51D4CEFB300FEB171 /* LaunchScreen.storyboard */ = {
			isa = PBXVariantGroup;
			children = (
				1BD6AAC61D4CEFB300FEB171 /* Base */,
			);
			name = LaunchScreen.storyboard;
			sourceTree = "<group>";
		};
/* End PBXVariantGroup section */

/* Begin XCBuildConfiguration section */
		1BD6AAC91D4CEFB300FEB171 /* Debug */ = {
			isa = XCBuildConfiguration;
			buildSettings = {
				ALWAYS_SEARCH_USER_PATHS = NO;
				CLANG_ANALYZER_NONNULL = YES;
				CLANG_CXX_LANGUAGE_STANDARD = "gnu++0x";
				CLANG_CXX_LIBRARY = "libc++";
				CLANG_ENABLE_MODULES = YES;
				CLANG_ENABLE_OBJC_ARC = YES;
				CLANG_WARN_BOOL_CONVERSION = YES;
				CLANG_WARN_CONSTANT_CONVERSION = YES;
				CLANG_WARN_DIRECT_OBJC_ISA_USAGE = YES_ERROR;
				CLANG_WARN_EMPTY_BODY = YES;
				CLANG_WARN_ENUM_CONVERSION = YES;
				CLANG_WARN_INT_CONVERSION = YES;
				CLANG_WARN_OBJC_ROOT_CLASS = YES_ERROR;
				CLANG_WARN_UNREACHABLE_CODE = YES;
				CLANG_WARN__DUPLICATE_METHOD_MATCH = YES;
				"CODE_SIGN_IDENTITY[sdk=iphoneos*]" = "iPhone Developer";
				COPY_PHASE_STRIP = NO;
				DEBUG_INFORMATION_FORMAT = dwarf;
				ENABLE_STRICT_OBJC_MSGSEND = YES;
				ENABLE_TESTABILITY = YES;
				GCC_C_LANGUAGE_STANDARD = gnu99;
				GCC_DYNAMIC_NO_PIC = NO;
				GCC_NO_COMMON_BLOCKS = YES;
				GCC_OPTIMIZATION_LEVEL = 0;
				GCC_PREPROCESSOR_DEFINITIONS = (
					"DEBUG=1",
					"$(inherited)",
				);
				GCC_WARN_64_TO_32_BIT_CONVERSION = YES;
				GCC_WARN_ABOUT_RETURN_TYPE = YES_ERROR;
				GCC_WARN_UNDECLARED_SELECTOR = YES;
				GCC_WARN_UNINITIALIZED_AUTOS = YES_AGGRESSIVE;
				GCC_WARN_UNUSED_FUNCTION = YES;
				GCC_WARN_UNUSED_VARIABLE = YES;
				IPHONEOS_DEPLOYMENT_TARGET = 9.3;
				MTL_ENABLE_DEBUG_INFO = YES;
				ONLY_ACTIVE_ARCH = YES;
				SDKROOT = iphoneos;
				SWIFT_OPTIMIZATION_LEVEL = "-Onone";
				TARGETED_DEVICE_FAMILY = "1,2";
			};
			name = Debug;
		};
		1BD6AACA1D4CEFB300FEB171 /* Release */ = {
			isa = XCBuildConfiguration;
			buildSettings = {
				ALWAYS_SEARCH_USER_PATHS = NO;
				CLANG_ANALYZER_NONNULL = YES;
				CLANG_CXX_LANGUAGE_STANDARD = "gnu++0x";
				CLANG_CXX_LIBRARY = "libc++";
				CLANG_ENABLE_MODULES = YES;
				CLANG_ENABLE_OBJC_ARC = YES;
				CLANG_WARN_BOOL_CONVERSION = YES;
				CLANG_WARN_CONSTANT_CONVERSION = YES;
				CLANG_WARN_DIRECT_OBJC_ISA_USAGE = YES_ERROR;
				CLANG_WARN_EMPTY_BODY = YES;
				CLANG_WARN_ENUM_CONVERSION = YES;
				CLANG_WARN_INT_CONVERSION = YES;
				CLANG_WARN_OBJC_ROOT_CLASS = YES_ERROR;
				CLANG_WARN_UNREACHABLE_CODE = YES;
				CLANG_WARN__DUPLICATE_METHOD_MATCH = YES;
				"CODE_SIGN_IDENTITY[sdk=iphoneos*]" = "iPhone Developer";
				COPY_PHASE_STRIP = NO;
				DEBUG_INFORMATION_FORMAT = "dwarf-with-dsym";
				ENABLE_NS_ASSERTIONS = NO;
				ENABLE_STRICT_OBJC_MSGSEND = YES;
				GCC_C_LANGUAGE_STANDARD = gnu99;
				GCC_NO_COMMON_BLOCKS = YES;
				GCC_WARN_64_TO_32_BIT_CONVERSION = YES;
				GCC_WARN_ABOUT_RETURN_TYPE = YES_ERROR;
				GCC_WARN_UNDECLARED_SELECTOR = YES;
				GCC_WARN_UNINITIALIZED_AUTOS = YES_AGGRESSIVE;
				GCC_WARN_UNUSED_FUNCTION = YES;
				GCC_WARN_UNUSED_VARIABLE = YES;
				IPHONEOS_DEPLOYMENT_TARGET = 9.3;
				MTL_ENABLE_DEBUG_INFO = NO;
				SDKROOT = iphoneos;
				TARGETED_DEVICE_FAMILY = "1,2";
				VALIDATE_PRODUCT = YES;
			};
			name = Release;
		};
		1BD6AACC1D4CEFB300FEB171 /* Debug */ = {
			isa = XCBuildConfiguration;
			baseConfigurationReference = C26A44FD3971BACA6F8646A4 /* Pods-twitter-client.debug.xcconfig */;
			buildSettings = {
				ASSETCATALOG_COMPILER_APPICON_NAME = AppIcon;
				INFOPLIST_FILE = "twitter-client/Info.plist";
				LD_RUNPATH_SEARCH_PATHS = "$(inherited) @executable_path/Frameworks";
				PRODUCT_BUNDLE_IDENTIFIER = "com.wmlabs.codepath.training.ios.twitter-client";
				PRODUCT_NAME = "$(TARGET_NAME)";
			};
			name = Debug;
		};
		1BD6AACD1D4CEFB300FEB171 /* Release */ = {
			isa = XCBuildConfiguration;
			baseConfigurationReference = B76F4D5D126ADC936F5152A6 /* Pods-twitter-client.release.xcconfig */;
			buildSettings = {
				ASSETCATALOG_COMPILER_APPICON_NAME = AppIcon;
				INFOPLIST_FILE = "twitter-client/Info.plist";
				LD_RUNPATH_SEARCH_PATHS = "$(inherited) @executable_path/Frameworks";
				PRODUCT_BUNDLE_IDENTIFIER = "com.wmlabs.codepath.training.ios.twitter-client";
				PRODUCT_NAME = "$(TARGET_NAME)";
			};
			name = Release;
		};
/* End XCBuildConfiguration section */

/* Begin XCConfigurationList section */
		1BD6AAB41D4CEFB300FEB171 /* Build configuration list for PBXProject "twitter-client" */ = {
			isa = XCConfigurationList;
			buildConfigurations = (
				1BD6AAC91D4CEFB300FEB171 /* Debug */,
				1BD6AACA1D4CEFB300FEB171 /* Release */,
			);
			defaultConfigurationIsVisible = 0;
			defaultConfigurationName = Release;
		};
		1BD6AACB1D4CEFB300FEB171 /* Build configuration list for PBXNativeTarget "twitter-client" */ = {
			isa = XCConfigurationList;
			buildConfigurations = (
				1BD6AACC1D4CEFB300FEB171 /* Debug */,
				1BD6AACD1D4CEFB300FEB171 /* Release */,
			);
			defaultConfigurationIsVisible = 0;
			defaultConfigurationName = Release;
		};
/* End XCConfigurationList section */
	};
	rootObject = 1BD6AAB11D4CEFB300FEB171 /* Project object */;
}
